
Microsoft Visual Studio Solution File, Format Version 12.00
# Visual Studio 15
VisualStudioVersion = 15.0.27428.2043
MinimumVisualStudioVersion = 10.0.40219.1
Project("{FAE04EC0-301F-11D3-BF4B-00C04F79EFBC}") = "Challenge", "Challenge\Challenge.csproj", "{E21B8D89-538A-4A90-89C8-7DC6C9293017}"
EndProject
Project("{FAE04EC0-301F-11D3-BF4B-00C04F79EFBC}") = "Test", "Test\Test.csproj", "{9AD499A1-B414-4960-BE8C-5912E9470CDA}"
EndProject
Project("{9A19103F-16F7-4668-BE54-9A1E7A4F7556}") = "WeekTwo", "WeekTwo\WeekTwo.csproj", "{9133A42D-6FE1-4412-B997-306AD97BD4CE}"
EndProject
Project("{2150E333-8FDC-42A3-9474-1A3956D46DE8}") = "Solution Items", "Solution Items", "{74D3918A-F5D3-4F16-BC5D-5C895A584FC6}"
EndProject
Project("{FAE04EC0-301F-11D3-BF4B-00C04F79EFBC}") = "Console", "Console\Console.csproj", "{D5253434-FD83-41DF-B954-4640BE352F2F}"
EndProject
Project("{FAE04EC0-301F-11D3-BF4B-00C04F79EFBC}") = "WeekTwoTest", "WeekTwoTest\WeekTwoTest.csproj", "{0A24422F-0CD8-4BDF-9F02-2C447AB0EAE3}"
EndProject
Project("{FAE04EC0-301F-11D3-BF4B-00C04F79EFBC}") = "WeekThree", "WeekThree\WeekThree.csproj", "{3BF9A16F-ED1D-4DA2-AAD9-101683187D89}"
EndProject
Global
	GlobalSection(SolutionConfigurationPlatforms) = preSolution
		Debug|Any CPU = Debug|Any CPU
		Release|Any CPU = Release|Any CPU
	EndGlobalSection
	GlobalSection(ProjectConfigurationPlatforms) = postSolution
		{E21B8D89-538A-4A90-89C8-7DC6C9293017}.Debug|Any CPU.ActiveCfg = Debug|Any CPU
		{E21B8D89-538A-4A90-89C8-7DC6C9293017}.Debug|Any CPU.Build.0 = Debug|Any CPU
		{E21B8D89-538A-4A90-89C8-7DC6C9293017}.Release|Any CPU.ActiveCfg = Release|Any CPU
		{E21B8D89-538A-4A90-89C8-7DC6C9293017}.Release|Any CPU.Build.0 = Release|Any CPU
		{9AD499A1-B414-4960-BE8C-5912E9470CDA}.Debug|Any CPU.ActiveCfg = Debug|Any CPU
		{9AD499A1-B414-4960-BE8C-5912E9470CDA}.Debug|Any CPU.Build.0 = Debug|Any CPU
		{9AD499A1-B414-4960-BE8C-5912E9470CDA}.Release|Any CPU.ActiveCfg = Release|Any CPU
		{9AD499A1-B414-4960-BE8C-5912E9470CDA}.Release|Any CPU.Build.0 = Release|Any CPU
		{9133A42D-6FE1-4412-B997-306AD97BD4CE}.Debug|Any CPU.ActiveCfg = Debug|Any CPU
		{9133A42D-6FE1-4412-B997-306AD97BD4CE}.Debug|Any CPU.Build.0 = Debug|Any CPU
		{9133A42D-6FE1-4412-B997-306AD97BD4CE}.Release|Any CPU.ActiveCfg = Release|Any CPU
		{9133A42D-6FE1-4412-B997-306AD97BD4CE}.Release|Any CPU.Build.0 = Release|Any CPU
		{D5253434-FD83-41DF-B954-4640BE352F2F}.Debug|Any CPU.ActiveCfg = Debug|Any CPU
		{D5253434-FD83-41DF-B954-4640BE352F2F}.Debug|Any CPU.Build.0 = Debug|Any CPU
		{D5253434-FD83-41DF-B954-4640BE352F2F}.Release|Any CPU.ActiveCfg = Release|Any CPU
		{D5253434-FD83-41DF-B954-4640BE352F2F}.Release|Any CPU.Build.0 = Release|Any CPU
		{0A24422F-0CD8-4BDF-9F02-2C447AB0EAE3}.Debug|Any CPU.ActiveCfg = Debug|Any CPU
		{0A24422F-0CD8-4BDF-9F02-2C447AB0EAE3}.Debug|Any CPU.Build.0 = Debug|Any CPU
		{0A24422F-0CD8-4BDF-9F02-2C447AB0EAE3}.Release|Any CPU.ActiveCfg = Release|Any CPU
		{0A24422F-0CD8-4BDF-9F02-2C447AB0EAE3}.Release|Any CPU.Build.0 = Release|Any CPU
		{3BF9A16F-ED1D-4DA2-AAD9-101683187D89}.Debug|Any CPU.ActiveCfg = Debug|Any CPU
		{3BF9A16F-ED1D-4DA2-AAD9-101683187D89}.Debug|Any CPU.Build.0 = Debug|Any CPU
		{3BF9A16F-ED1D-4DA2-AAD9-101683187D89}.Release|Any CPU.ActiveCfg = Release|Any CPU
		{3BF9A16F-ED1D-4DA2-AAD9-101683187D89}.Release|Any CPU.Build.0 = Release|Any CPU
	EndGlobalSection
	GlobalSection(SolutionProperties) = preSolution
		HideSolutionNode = FALSE
	EndGlobalSection
	GlobalSection(ExtensibilityGlobals) = postSolution
		SolutionGuid = {D94C68BA-9064-4086-9250-CBEB2889005B}
	EndGlobalSection
EndGlobal
